
Microsoft Visual Studio Solution File, Format Version 12.00
# Visual Studio Version 17
VisualStudioVersion = 17.13.35919.96 d17.13
MinimumVisualStudioVersion = 10.0.40219.1
Project("{FAE04EC0-301F-11D3-BF4B-00C04F79EFBC}") = "EjerciciosArrays", "EjerciciosArrays.csproj", "{8571E396-9F17-47A0-A982-177C2DA5E284}"
EndProject
Global
	GlobalSection(SolutionConfigurationPlatforms) = preSolution
		Debug|Any CPU = Debug|Any CPU
		Release|Any CPU = Release|Any CPU
	EndGlobalSection
	GlobalSection(ProjectConfigurationPlatforms) = postSolution
		{8571E396-9F17-47A0-A982-177C2DA5E284}.Debug|Any CPU.ActiveCfg = Debug|Any CPU
		{8571E396-9F17-47A0-A982-177C2DA5E284}.Debug|Any CPU.Build.0 = Debug|Any CPU
		{8571E396-9F17-47A0-A982-177C2DA5E284}.Release|Any CPU.ActiveCfg = Release|Any CPU
		{8571E396-9F17-47A0-A982-177C2DA5E284}.Release|Any CPU.Build.0 = Release|Any CPU
	EndGlobalSection
	GlobalSection(SolutionProperties) = preSolution
		HideSolutionNode = FALSE
	EndGlobalSection
	GlobalSection(ExtensibilityGlobals) = postSolution
		SolutionGuid = {A50FA5A6-9920-4104-8183-74858EBD706B}
	EndGlobalSection
EndGlobal
