
Microsoft Visual Studio Solution File, Format Version 12.00
# Visual Studio Version 17
VisualStudioVersion = 17.14.36202.13 d17.14
MinimumVisualStudioVersion = 10.0.40219.1
Project("{FAE04EC0-301F-11D3-BF4B-00C04F79EFBC}") = "ClassLibrary1", "ClassLibrary1.csproj", "{62FBD402-F77B-4627-B960-E882A0810EE6}"
EndProject
Global
	GlobalSection(SolutionConfigurationPlatforms) = preSolution
		Debug|Any CPU = Debug|Any CPU
		Release|Any CPU = Release|Any CPU
	EndGlobalSection
	GlobalSection(ProjectConfigurationPlatforms) = postSolution
		{62FBD402-F77B-4627-B960-E882A0810EE6}.Debug|Any CPU.ActiveCfg = Debug|Any CPU
		{62FBD402-F77B-4627-B960-E882A0810EE6}.Debug|Any CPU.Build.0 = Debug|Any CPU
		{62FBD402-F77B-4627-B960-E882A0810EE6}.Release|Any CPU.ActiveCfg = Release|Any CPU
		{62FBD402-F77B-4627-B960-E882A0810EE6}.Release|Any CPU.Build.0 = Release|Any CPU
	EndGlobalSection
	GlobalSection(SolutionProperties) = preSolution
		HideSolutionNode = FALSE
	EndGlobalSection
	GlobalSection(ExtensibilityGlobals) = postSolution
		SolutionGuid = {8B7A3EE1-E23D-48D5-91BF-EF4D9DD17F00}
	EndGlobalSection
EndGlobal
