
Microsoft Visual Studio Solution File, Format Version 12.00
# Visual Studio Version 17
VisualStudioVersion = 17.14.36202.13 d17.14
MinimumVisualStudioVersion = 10.0.40219.1
Project("{FAE04EC0-301F-11D3-BF4B-00C04F79EFBC}") = "MásPrácticaPOO", "MásPrácticaPOO.csproj", "{A9E24DE5-7C30-4982-AB53-1185C5BC1BC2}"
EndProject
Project("{FAE04EC0-301F-11D3-BF4B-00C04F79EFBC}") = "Biblioteca_De_Clases1", "..\Biblioteca_De_Clases1\Biblioteca_De_Clases1.csproj", "{88E1EBBA-0900-4B28-AB10-361B4FD79E9A}"
EndProject
Global
	GlobalSection(SolutionConfigurationPlatforms) = preSolution
		Debug|Any CPU = Debug|Any CPU
		Release|Any CPU = Release|Any CPU
	EndGlobalSection
	GlobalSection(ProjectConfigurationPlatforms) = postSolution
		{A9E24DE5-7C30-4982-AB53-1185C5BC1BC2}.Debug|Any CPU.ActiveCfg = Debug|Any CPU
		{A9E24DE5-7C30-4982-AB53-1185C5BC1BC2}.Debug|Any CPU.Build.0 = Debug|Any CPU
		{A9E24DE5-7C30-4982-AB53-1185C5BC1BC2}.Release|Any CPU.ActiveCfg = Release|Any CPU
		{A9E24DE5-7C30-4982-AB53-1185C5BC1BC2}.Release|Any CPU.Build.0 = Release|Any CPU
		{88E1EBBA-0900-4B28-AB10-361B4FD79E9A}.Debug|Any CPU.ActiveCfg = Debug|Any CPU
		{88E1EBBA-0900-4B28-AB10-361B4FD79E9A}.Debug|Any CPU.Build.0 = Debug|Any CPU
		{88E1EBBA-0900-4B28-AB10-361B4FD79E9A}.Release|Any CPU.ActiveCfg = Release|Any CPU
		{88E1EBBA-0900-4B28-AB10-361B4FD79E9A}.Release|Any CPU.Build.0 = Release|Any CPU
	EndGlobalSection
	GlobalSection(SolutionProperties) = preSolution
		HideSolutionNode = FALSE
	EndGlobalSection
	GlobalSection(ExtensibilityGlobals) = postSolution
		SolutionGuid = {AB97E2C5-FF8E-4D2F-B701-A252307D82EF}
	EndGlobalSection
EndGlobal
