
Microsoft Visual Studio Solution File, Format Version 12.00
# Visual Studio Version 17
VisualStudioVersion = 17.14.36301.6 d17.14
MinimumVisualStudioVersion = 10.0.40219.1
Project("{FAE04EC0-301F-11D3-BF4B-00C04F79EFBC}") = "EjercicioEntregableTorneos", "EjercicioEntregableTorneos.csproj", "{52AC3688-F729-4C12-8517-992D7D74BCF4}"
EndProject
Project("{FAE04EC0-301F-11D3-BF4B-00C04F79EFBC}") = "BibliotecaDeClasesEntregableTorneos", "..\BibliotecaDeClasesEntregableTorneos\BibliotecaDeClasesEntregableTorneos.csproj", "{BBD910CF-C699-4CC3-811C-883D8CF97380}"
EndProject
Global
	GlobalSection(SolutionConfigurationPlatforms) = preSolution
		Debug|Any CPU = Debug|Any CPU
		Release|Any CPU = Release|Any CPU
	EndGlobalSection
	GlobalSection(ProjectConfigurationPlatforms) = postSolution
		{52AC3688-F729-4C12-8517-992D7D74BCF4}.Debug|Any CPU.ActiveCfg = Debug|Any CPU
		{52AC3688-F729-4C12-8517-992D7D74BCF4}.Debug|Any CPU.Build.0 = Debug|Any CPU
		{52AC3688-F729-4C12-8517-992D7D74BCF4}.Release|Any CPU.ActiveCfg = Release|Any CPU
		{52AC3688-F729-4C12-8517-992D7D74BCF4}.Release|Any CPU.Build.0 = Release|Any CPU
		{BBD910CF-C699-4CC3-811C-883D8CF97380}.Debug|Any CPU.ActiveCfg = Debug|Any CPU
		{BBD910CF-C699-4CC3-811C-883D8CF97380}.Debug|Any CPU.Build.0 = Debug|Any CPU
		{BBD910CF-C699-4CC3-811C-883D8CF97380}.Release|Any CPU.ActiveCfg = Release|Any CPU
		{BBD910CF-C699-4CC3-811C-883D8CF97380}.Release|Any CPU.Build.0 = Release|Any CPU
	EndGlobalSection
	GlobalSection(SolutionProperties) = preSolution
		HideSolutionNode = FALSE
	EndGlobalSection
	GlobalSection(ExtensibilityGlobals) = postSolution
		SolutionGuid = {9339265A-0C05-44FC-A783-FFA371AD4635}
	EndGlobalSection
EndGlobal
